
Microsoft Visual Studio Solution File, Format Version 11.00
# Visual Studio 2010
Project("{FAE04EC0-301F-11D3-BF4B-00C04F79EFBC}") = "Cerebro Unisimon", "Assembly-CSharp.csproj", "{BCF261FA-148A-149E-2387-DA35EACCFDA3}"
EndProject
Project("{FAE04EC0-301F-11D3-BF4B-00C04F79EFBC}") = "Cerebro Unisimon", "Assembly-CSharp-Editor.csproj", "{7913051E-A6E1-820D-05F8-C63328C893F7}"
EndProject
Project("{C677E718-63FC-2512-9E1A-14868C8025BA}") = "Cerebro Unisimon", "Assembly-UnityScript.unityproj", "{54774F01-4383-80FC-47D5-1A078EB37718}"
EndProject
Global
	GlobalSection(SolutionConfigurationPlatforms) = preSolution
		Debug|Any CPU = Debug|Any CPU
		Release|Any CPU = Release|Any CPU
	EndGlobalSection
	GlobalSection(ProjectConfigurationPlatforms) = postSolution
		{BCF261FA-148A-149E-2387-DA35EACCFDA3}.Debug|Any CPU.ActiveCfg = Debug|Any CPU
		{BCF261FA-148A-149E-2387-DA35EACCFDA3}.Debug|Any CPU.Build.0 = Debug|Any CPU
		{BCF261FA-148A-149E-2387-DA35EACCFDA3}.Release|Any CPU.ActiveCfg = Release|Any CPU
		{BCF261FA-148A-149E-2387-DA35EACCFDA3}.Release|Any CPU.Build.0 = Release|Any CPU
		{7913051E-A6E1-820D-05F8-C63328C893F7}.Debug|Any CPU.ActiveCfg = Debug|Any CPU
		{7913051E-A6E1-820D-05F8-C63328C893F7}.Debug|Any CPU.Build.0 = Debug|Any CPU
		{7913051E-A6E1-820D-05F8-C63328C893F7}.Release|Any CPU.ActiveCfg = Release|Any CPU
		{7913051E-A6E1-820D-05F8-C63328C893F7}.Release|Any CPU.Build.0 = Release|Any CPU
		{54774F01-4383-80FC-47D5-1A078EB37718}.Debug|Any CPU.ActiveCfg = Debug|Any CPU
		{54774F01-4383-80FC-47D5-1A078EB37718}.Debug|Any CPU.Build.0 = Debug|Any CPU
		{54774F01-4383-80FC-47D5-1A078EB37718}.Release|Any CPU.ActiveCfg = Release|Any CPU
		{54774F01-4383-80FC-47D5-1A078EB37718}.Release|Any CPU.Build.0 = Release|Any CPU
	EndGlobalSection
	GlobalSection(SolutionProperties) = preSolution
		HideSolutionNode = FALSE
	EndGlobalSection
	GlobalSection(MonoDevelopProperties) = preSolution
		StartupItem = Assembly-CSharp.csproj
	EndGlobalSection
EndGlobal
